// !$*UTF8*$!
{
	archiveVersion = 1;
	classes = {
	};
	objectVersion = 46;
	objects = {

/* Begin PBXBuildFile section */
		0E3CCF991CCBBB670022E830 /* AppDelegate.swift in Sources */ = {isa = PBXBuildFile; fileRef = 0E3CCF7D1CCBBB670022E830 /* AppDelegate.swift */; };
		0E3CCF9A1CCBBB670022E830 /* ApplicationCoordinator.swift in Sources */ = {isa = PBXBuildFile; fileRef = 0E3CCF7E1CCBBB670022E830 /* ApplicationCoordinator.swift */; };
		0E3CCF9D1CCBBB670022E830 /* LaunchScreen.storyboard in Resources */ = {isa = PBXBuildFile; fileRef = 0E3CCF821CCBBB670022E830 /* LaunchScreen.storyboard */; };
		0E3CCF9E1CCBBB670022E830 /* Main.storyboard in Resources */ = {isa = PBXBuildFile; fileRef = 0E3CCF841CCBBB670022E830 /* Main.storyboard */; };
		0E3CCFA01CCBBB670022E830 /* UIViewControllerExtension.swift in Sources */ = {isa = PBXBuildFile; fileRef = 0E3CCF881CCBBB670022E830 /* UIViewControllerExtension.swift */; };
		0E3CCFA81CCBBB670022E830 /* Auth.storyboard in Resources */ = {isa = PBXBuildFile; fileRef = 0E3CCF971CCBBB670022E830 /* Auth.storyboard */; };
		0E3CCFA91CCBBB670022E830 /* Items.storyboard in Resources */ = {isa = PBXBuildFile; fileRef = 0E3CCF981CCBBB670022E830 /* Items.storyboard */; };
		0E3CCFB11CCBBC760022E830 /* Create.storyboard in Resources */ = {isa = PBXBuildFile; fileRef = 0E3CCFAF1CCBBC760022E830 /* Create.storyboard */; };
		0E3CCFB21CCBBC760022E830 /* Settings.storyboard in Resources */ = {isa = PBXBuildFile; fileRef = 0E3CCFB01CCBBC760022E830 /* Settings.storyboard */; };
		0E3CCFB41CCBBCA20022E830 /* ItemCoordinator.swift in Sources */ = {isa = PBXBuildFile; fileRef = 0E3CCFB31CCBBCA20022E830 /* ItemCoordinator.swift */; };
		0E3CCFBA1CCBBFEF0022E830 /* LoginController.swift in Sources */ = {isa = PBXBuildFile; fileRef = 0E3CCFB91CCBBFEF0022E830 /* LoginController.swift */; };
		0E3CCFBC1CCBC0210022E830 /* AuthCoordinator.swift in Sources */ = {isa = PBXBuildFile; fileRef = 0E3CCFBB1CCBC0210022E830 /* AuthCoordinator.swift */; };
		0E3CCFBE1CCBC04B0022E830 /* SettingsCoordinator.swift in Sources */ = {isa = PBXBuildFile; fileRef = 0E3CCFBD1CCBC04B0022E830 /* SettingsCoordinator.swift */; };
		0E3CCFC01CCBC0600022E830 /* SettingsController.swift in Sources */ = {isa = PBXBuildFile; fileRef = 0E3CCFBF1CCBC0600022E830 /* SettingsController.swift */; };
		0E3CCFC21CCBC0AA0022E830 /* ItemCreateCoordinator.swift in Sources */ = {isa = PBXBuildFile; fileRef = 0E3CCFC11CCBC0AA0022E830 /* ItemCreateCoordinator.swift */; };
		0E3CCFC71CCBC6740022E830 /* ItemList.swift in Sources */ = {isa = PBXBuildFile; fileRef = 0E3CCFC61CCBC6740022E830 /* ItemList.swift */; };
		0E3CCFC91CCBE87F0022E830 /* SignUpController.swift in Sources */ = {isa = PBXBuildFile; fileRef = 0E3CCFC81CCBE87F0022E830 /* SignUpController.swift */; };
		0E3CCFCB1CCBFB150022E830 /* Setting.swift in Sources */ = {isa = PBXBuildFile; fileRef = 0E3CCFCA1CCBFB150022E830 /* Setting.swift */; };
		0E6A42BE1CF4DE62005746EC /* CoordinatorFactory.swift in Sources */ = {isa = PBXBuildFile; fileRef = 0E6A42BD1CF4DE62005746EC /* CoordinatorFactory.swift */; };
		0E6A42C01CF4E06C005746EC /* ItemModuleFactory.swift in Sources */ = {isa = PBXBuildFile; fileRef = 0E6A42BF1CF4E06C005746EC /* ItemModuleFactory.swift */; };
		0E6A42C21CF4E29F005746EC /* ItemCreateModuleFactory.swift in Sources */ = {isa = PBXBuildFile; fileRef = 0E6A42C11CF4E29F005746EC /* ItemCreateModuleFactory.swift */; };
		0E6A42C41CF4E300005746EC /* AuthModuleFactory.swift in Sources */ = {isa = PBXBuildFile; fileRef = 0E6A42C31CF4E300005746EC /* AuthModuleFactory.swift */; };
		0E6A42C61CF4E45F005746EC /* SettingsModuleFactory.swift in Sources */ = {isa = PBXBuildFile; fileRef = 0E6A42C51CF4E45F005746EC /* SettingsModuleFactory.swift */; };
		0E6A42CA1CF4E81E005746EC /* ItemCreateCoordinatorOutput.swift in Sources */ = {isa = PBXBuildFile; fileRef = 0E6A42C91CF4E81E005746EC /* ItemCreateCoordinatorOutput.swift */; };
		0E6A42CD1CF4E862005746EC /* AuthCoordinatorOutput.swift in Sources */ = {isa = PBXBuildFile; fileRef = 0E6A42CC1CF4E862005746EC /* AuthCoordinatorOutput.swift */; };
		0E6A42D21CF627CC005746EC /* TermsController.swift in Sources */ = {isa = PBXBuildFile; fileRef = 0E6A42D11CF627CC005746EC /* TermsController.swift */; };
		0E6A42D41CF62EA2005746EC /* TermsView.swift in Sources */ = {isa = PBXBuildFile; fileRef = 0E6A42D31CF62EA2005746EC /* TermsView.swift */; };
		0EDCA2F51CEE365300A6E385 /* Router.swift in Sources */ = {isa = PBXBuildFile; fileRef = 0EDCA2F41CEE365300A6E385 /* Router.swift */; };
		7712177D1D7C89EA0070CDF9 /* BaseCoordinatorTest.swift in Sources */ = {isa = PBXBuildFile; fileRef = 7712177C1D7C89EA0070CDF9 /* BaseCoordinatorTest.swift */; };
		7712177F1D7C91670070CDF9 /* SettingsCoordinatorTest.swift in Sources */ = {isa = PBXBuildFile; fileRef = 7712177E1D7C91670070CDF9 /* SettingsCoordinatorTest.swift */; };
		771217811D7C94290070CDF9 /* AuthCoordinatorTest.swift in Sources */ = {isa = PBXBuildFile; fileRef = 771217801D7C94290070CDF9 /* AuthCoordinatorTest.swift */; };
		77B3E7911D8E90550095527A /* ItemCoordinatorTest.swift in Sources */ = {isa = PBXBuildFile; fileRef = 77B3E7901D8E90550095527A /* ItemCoordinatorTest.swift */; };
		77E054CB1D7937C900147DAE /* RouterTest.swift in Sources */ = {isa = PBXBuildFile; fileRef = 77E054CA1D7937C900147DAE /* RouterTest.swift */; };
		77E054CD1D79391600147DAE /* RouterMock.swift in Sources */ = {isa = PBXBuildFile; fileRef = 77E054CC1D79391600147DAE /* RouterMock.swift */; };
		AD1BFD591E2930C40022C865 /* DeepLinkOption.swift in Sources */ = {isa = PBXBuildFile; fileRef = AD1BFD581E2930C40022C865 /* DeepLinkOption.swift */; };
		AD1BFD5B1E2930F20022C865 /* DeepLink.swift in Sources */ = {isa = PBXBuildFile; fileRef = AD1BFD5A1E2930F20022C865 /* DeepLink.swift */; };
		ADE320CE1E47941B0087146A /* OnboardingCoordinator.swift in Sources */ = {isa = PBXBuildFile; fileRef = ADE320CD1E47941B0087146A /* OnboardingCoordinator.swift */; };
		ADE320D01E47943B0087146A /* Onboarding.storyboard in Resources */ = {isa = PBXBuildFile; fileRef = ADE320CF1E47943B0087146A /* Onboarding.storyboard */; };
		ADE320F71E4796D90087146A /* TabbarController.swift in Sources */ = {isa = PBXBuildFile; fileRef = ADE320F41E4796D90087146A /* TabbarController.swift */; };
		ADE320F81E4796D90087146A /* TabbarCoordinator.swift in Sources */ = {isa = PBXBuildFile; fileRef = ADE320F51E4796D90087146A /* TabbarCoordinator.swift */; };
		ADE320F91E4796D90087146A /* TabbarView.swift in Sources */ = {isa = PBXBuildFile; fileRef = ADE320F61E4796D90087146A /* TabbarView.swift */; };
		ADE320FB1E4799150087146A /* PageViewController.swift in Sources */ = {isa = PBXBuildFile; fileRef = ADE320FA1E4799150087146A /* PageViewController.swift */; };
		ADE320FD1E4799C20087146A /* StepController.swift in Sources */ = {isa = PBXBuildFile; fileRef = ADE320FC1E4799C20087146A /* StepController.swift */; };
		D5311AAF1CF8566D00777B87 /* ItemCreateController.swift in Sources */ = {isa = PBXBuildFile; fileRef = D5311AAD1CF8566D00777B87 /* ItemCreateController.swift */; };
		D5311AB01CF8566D00777B87 /* ItemCreateView.swift in Sources */ = {isa = PBXBuildFile; fileRef = D5311AAE1CF8566D00777B87 /* ItemCreateView.swift */; };
		D53C00BA1D1BBADA00573E71 /* Presentable.swift in Sources */ = {isa = PBXBuildFile; fileRef = D53C00B91D1BBADA00573E71 /* Presentable.swift */; };
		D541E7641CD9126F004C38B3 /* Coordinator.swift in Sources */ = {isa = PBXBuildFile; fileRef = D541E7631CD9126F004C38B3 /* Coordinator.swift */; };
		D541E7661CD9128B004C38B3 /* BaseView.swift in Sources */ = {isa = PBXBuildFile; fileRef = D541E7651CD9128B004C38B3 /* BaseView.swift */; };
		D541E76A1CD91304004C38B3 /* RouterImp.swift in Sources */ = {isa = PBXBuildFile; fileRef = D541E7691CD91304004C38B3 /* RouterImp.swift */; };
		D545E4A21CD1FF40002B6F8F /* BaseCoordinator.swift in Sources */ = {isa = PBXBuildFile; fileRef = D545E4A11CD1FF40002B6F8F /* BaseCoordinator.swift */; };
		D5505CC71CDF67F60012CBA6 /* UIViewExtensions.swift in Sources */ = {isa = PBXBuildFile; fileRef = D5505CC61CDF67F60012CBA6 /* UIViewExtensions.swift */; };
		D5505CC91CDF68260012CBA6 /* NSObjectExtensions.swift in Sources */ = {isa = PBXBuildFile; fileRef = D5505CC81CDF68260012CBA6 /* NSObjectExtensions.swift */; };
		D5505CCB1CDF68D10012CBA6 /* StoryboardsEnum.swift in Sources */ = {isa = PBXBuildFile; fileRef = D5505CCA1CDF68D10012CBA6 /* StoryboardsEnum.swift */; };
		D5FDC84E1CEB3579001C3DF3 /* LoginView.swift in Sources */ = {isa = PBXBuildFile; fileRef = D5FDC84D1CEB3579001C3DF3 /* LoginView.swift */; };
		D5FDC8501CEB3AE0001C3DF3 /* SignUpView.swift in Sources */ = {isa = PBXBuildFile; fileRef = D5FDC84F1CEB3AE0001C3DF3 /* SignUpView.swift */; };
		D5FDC8541CEB56A8001C3DF3 /* SettingsView.swift in Sources */ = {isa = PBXBuildFile; fileRef = D5FDC8531CEB56A8001C3DF3 /* SettingsView.swift */; };
		D5FE332A1D071ED900CE38B1 /* ModuleFactoryImp.swift in Sources */ = {isa = PBXBuildFile; fileRef = D5FE33261D071ED900CE38B1 /* ModuleFactoryImp.swift */; };
		D5FE332F1D071F4100CE38B1 /* CoordinatorFactoryImp.swift in Sources */ = {isa = PBXBuildFile; fileRef = D5FE332E1D071F4100CE38B1 /* CoordinatorFactoryImp.swift */; };
		D5FE33341D071F6300CE38B1 /* ItemDetailController.swift in Sources */ = {isa = PBXBuildFile; fileRef = D5FE33301D071F6300CE38B1 /* ItemDetailController.swift */; };
		D5FE33351D071F6300CE38B1 /* ItemDetailView.swift in Sources */ = {isa = PBXBuildFile; fileRef = D5FE33311D071F6300CE38B1 /* ItemDetailView.swift */; };
		D5FE33361D071F6300CE38B1 /* ItemsListView.swift in Sources */ = {isa = PBXBuildFile; fileRef = D5FE33321D071F6300CE38B1 /* ItemsListView.swift */; };
		D5FE33371D071F6300CE38B1 /* ItemsListController.swift in Sources */ = {isa = PBXBuildFile; fileRef = D5FE33331D071F6300CE38B1 /* ItemsListController.swift */; };
		D5FE33431D0720E500CE38B1 /* Images.xcassets in Resources */ = {isa = PBXBuildFile; fileRef = D5FE33421D0720E500CE38B1 /* Images.xcassets */; };
/* End PBXBuildFile section */

/* Begin PBXContainerItemProxy section */
		77E054B51D79312700147DAE /* PBXContainerItemProxy */ = {
			isa = PBXContainerItemProxy;
			containerPortal = D50F9EE71C7A525E00C5A59F /* Project object */;
			proxyType = 1;
			remoteGlobalIDString = D50F9EEE1C7A525E00C5A59F;
			remoteInfo = ApplicationCoordinator;
		};
/* End PBXContainerItemProxy section */

/* Begin PBXFileReference section */
		0E3CCF7D1CCBBB670022E830 /* AppDelegate.swift */ = {isa = PBXFileReference; fileEncoding = 4; lastKnownFileType = sourcecode.swift; lineEnding = 0; path = AppDelegate.swift; sourceTree = "<group>"; xcLanguageSpecificationIdentifier = xcode.lang.swift; };
		0E3CCF7E1CCBBB670022E830 /* ApplicationCoordinator.swift */ = {isa = PBXFileReference; fileEncoding = 4; lastKnownFileType = sourcecode.swift; lineEnding = 0; path = ApplicationCoordinator.swift; sourceTree = "<group>"; xcLanguageSpecificationIdentifier = xcode.lang.swift; };
		0E3CCF831CCBBB670022E830 /* Base */ = {isa = PBXFileReference; lastKnownFileType = file.storyboard; name = Base; path = LaunchScreen.storyboard; sourceTree = "<group>"; };
		0E3CCF851CCBBB670022E830 /* Base */ = {isa = PBXFileReference; lastKnownFileType = file.storyboard; name = Base; path = Main.storyboard; sourceTree = "<group>"; };
		0E3CCF881CCBBB670022E830 /* UIViewControllerExtension.swift */ = {isa = PBXFileReference; fileEncoding = 4; lastKnownFileType = sourcecode.swift; path = UIViewControllerExtension.swift; sourceTree = "<group>"; };
		0E3CCF971CCBBB670022E830 /* Auth.storyboard */ = {isa = PBXFileReference; fileEncoding = 4; lastKnownFileType = file.storyboard; path = Auth.storyboard; sourceTree = "<group>"; };
		0E3CCF981CCBBB670022E830 /* Items.storyboard */ = {isa = PBXFileReference; fileEncoding = 4; lastKnownFileType = file.storyboard; path = Items.storyboard; sourceTree = "<group>"; };
		0E3CCFAF1CCBBC760022E830 /* Create.storyboard */ = {isa = PBXFileReference; fileEncoding = 4; lastKnownFileType = file.storyboard; path = Create.storyboard; sourceTree = "<group>"; };
		0E3CCFB01CCBBC760022E830 /* Settings.storyboard */ = {isa = PBXFileReference; fileEncoding = 4; lastKnownFileType = file.storyboard; path = Settings.storyboard; sourceTree = "<group>"; };
		0E3CCFB31CCBBCA20022E830 /* ItemCoordinator.swift */ = {isa = PBXFileReference; fileEncoding = 4; lastKnownFileType = sourcecode.swift; lineEnding = 0; path = ItemCoordinator.swift; sourceTree = "<group>"; xcLanguageSpecificationIdentifier = xcode.lang.swift; };
		0E3CCFB91CCBBFEF0022E830 /* LoginController.swift */ = {isa = PBXFileReference; fileEncoding = 4; lastKnownFileType = sourcecode.swift; name = LoginController.swift; path = ../LoginController.swift; sourceTree = "<group>"; };
		0E3CCFBB1CCBC0210022E830 /* AuthCoordinator.swift */ = {isa = PBXFileReference; fileEncoding = 4; lastKnownFileType = sourcecode.swift; lineEnding = 0; path = AuthCoordinator.swift; sourceTree = "<group>"; xcLanguageSpecificationIdentifier = xcode.lang.swift; };
		0E3CCFBD1CCBC04B0022E830 /* SettingsCoordinator.swift */ = {isa = PBXFileReference; fileEncoding = 4; lastKnownFileType = sourcecode.swift; lineEnding = 0; path = SettingsCoordinator.swift; sourceTree = "<group>"; xcLanguageSpecificationIdentifier = xcode.lang.swift; };
		0E3CCFBF1CCBC0600022E830 /* SettingsController.swift */ = {isa = PBXFileReference; fileEncoding = 4; lastKnownFileType = sourcecode.swift; lineEnding = 0; path = SettingsController.swift; sourceTree = "<group>"; xcLanguageSpecificationIdentifier = xcode.lang.swift; };
		0E3CCFC11CCBC0AA0022E830 /* ItemCreateCoordinator.swift */ = {isa = PBXFileReference; fileEncoding = 4; lastKnownFileType = sourcecode.swift; lineEnding = 0; path = ItemCreateCoordinator.swift; sourceTree = "<group>"; xcLanguageSpecificationIdentifier = xcode.lang.swift; };
		0E3CCFC61CCBC6740022E830 /* ItemList.swift */ = {isa = PBXFileReference; fileEncoding = 4; lastKnownFileType = sourcecode.swift; path = ItemList.swift; sourceTree = "<group>"; };
		0E3CCFC81CCBE87F0022E830 /* SignUpController.swift */ = {isa = PBXFileReference; fileEncoding = 4; lastKnownFileType = sourcecode.swift; name = SignUpController.swift; path = ../SignUpController.swift; sourceTree = "<group>"; };
		0E3CCFCA1CCBFB150022E830 /* Setting.swift */ = {isa = PBXFileReference; fileEncoding = 4; lastKnownFileType = sourcecode.swift; path = Setting.swift; sourceTree = "<group>"; };
		0E6A42BD1CF4DE62005746EC /* CoordinatorFactory.swift */ = {isa = PBXFileReference; fileEncoding = 4; lastKnownFileType = sourcecode.swift; lineEnding = 0; path = CoordinatorFactory.swift; sourceTree = "<group>"; xcLanguageSpecificationIdentifier = xcode.lang.swift; };
		0E6A42BF1CF4E06C005746EC /* ItemModuleFactory.swift */ = {isa = PBXFileReference; fileEncoding = 4; lastKnownFileType = sourcecode.swift; lineEnding = 0; path = ItemModuleFactory.swift; sourceTree = "<group>"; xcLanguageSpecificationIdentifier = xcode.lang.swift; };
		0E6A42C11CF4E29F005746EC /* ItemCreateModuleFactory.swift */ = {isa = PBXFileReference; fileEncoding = 4; lastKnownFileType = sourcecode.swift; lineEnding = 0; path = ItemCreateModuleFactory.swift; sourceTree = "<group>"; xcLanguageSpecificationIdentifier = xcode.lang.swift; };
		0E6A42C31CF4E300005746EC /* AuthModuleFactory.swift */ = {isa = PBXFileReference; fileEncoding = 4; lastKnownFileType = sourcecode.swift; lineEnding = 0; path = AuthModuleFactory.swift; sourceTree = "<group>"; xcLanguageSpecificationIdentifier = xcode.lang.swift; };
		0E6A42C51CF4E45F005746EC /* SettingsModuleFactory.swift */ = {isa = PBXFileReference; fileEncoding = 4; lastKnownFileType = sourcecode.swift; lineEnding = 0; path = SettingsModuleFactory.swift; sourceTree = "<group>"; xcLanguageSpecificationIdentifier = xcode.lang.swift; };
		0E6A42C91CF4E81E005746EC /* ItemCreateCoordinatorOutput.swift */ = {isa = PBXFileReference; fileEncoding = 4; lastKnownFileType = sourcecode.swift; path = ItemCreateCoordinatorOutput.swift; sourceTree = "<group>"; };
		0E6A42CC1CF4E862005746EC /* AuthCoordinatorOutput.swift */ = {isa = PBXFileReference; fileEncoding = 4; lastKnownFileType = sourcecode.swift; path = AuthCoordinatorOutput.swift; sourceTree = "<group>"; };
		0E6A42D11CF627CC005746EC /* TermsController.swift */ = {isa = PBXFileReference; fileEncoding = 4; lastKnownFileType = sourcecode.swift; path = TermsController.swift; sourceTree = "<group>"; };
		0E6A42D31CF62EA2005746EC /* TermsView.swift */ = {isa = PBXFileReference; fileEncoding = 4; lastKnownFileType = sourcecode.swift; path = TermsView.swift; sourceTree = "<group>"; };
		0EDCA2F41CEE365300A6E385 /* Router.swift */ = {isa = PBXFileReference; fileEncoding = 4; lastKnownFileType = sourcecode.swift; path = Router.swift; sourceTree = "<group>"; };
		7712177C1D7C89EA0070CDF9 /* BaseCoordinatorTest.swift */ = {isa = PBXFileReference; fileEncoding = 4; lastKnownFileType = sourcecode.swift; path = BaseCoordinatorTest.swift; sourceTree = "<group>"; };
		7712177E1D7C91670070CDF9 /* SettingsCoordinatorTest.swift */ = {isa = PBXFileReference; fileEncoding = 4; lastKnownFileType = sourcecode.swift; path = SettingsCoordinatorTest.swift; sourceTree = "<group>"; };
		771217801D7C94290070CDF9 /* AuthCoordinatorTest.swift */ = {isa = PBXFileReference; fileEncoding = 4; lastKnownFileType = sourcecode.swift; lineEnding = 0; path = AuthCoordinatorTest.swift; sourceTree = "<group>"; xcLanguageSpecificationIdentifier = xcode.lang.swift; };
		77B3E7901D8E90550095527A /* ItemCoordinatorTest.swift */ = {isa = PBXFileReference; fileEncoding = 4; lastKnownFileType = sourcecode.swift; lineEnding = 0; path = ItemCoordinatorTest.swift; sourceTree = "<group>"; xcLanguageSpecificationIdentifier = xcode.lang.swift; };
		77E054B01D79312700147DAE /* ApplicationCoordinatorTests.xctest */ = {isa = PBXFileReference; explicitFileType = wrapper.cfbundle; includeInIndex = 0; path = ApplicationCoordinatorTests.xctest; sourceTree = BUILT_PRODUCTS_DIR; };
		77E054B41D79312700147DAE /* Info.plist */ = {isa = PBXFileReference; lastKnownFileType = text.plist.xml; path = Info.plist; sourceTree = "<group>"; };
		77E054CA1D7937C900147DAE /* RouterTest.swift */ = {isa = PBXFileReference; fileEncoding = 4; lastKnownFileType = sourcecode.swift; path = RouterTest.swift; sourceTree = "<group>"; };
		77E054CC1D79391600147DAE /* RouterMock.swift */ = {isa = PBXFileReference; fileEncoding = 4; lastKnownFileType = sourcecode.swift; path = RouterMock.swift; sourceTree = "<group>"; };
		AD1BFD561E2926900022C865 /* ApplicationCoordinator-Bridging-Header.h */ = {isa = PBXFileReference; lastKnownFileType = sourcecode.c.h; path = "ApplicationCoordinator-Bridging-Header.h"; sourceTree = "<group>"; };
		AD1BFD581E2930C40022C865 /* DeepLinkOption.swift */ = {isa = PBXFileReference; fileEncoding = 4; lastKnownFileType = sourcecode.swift; path = DeepLinkOption.swift; sourceTree = "<group>"; };
		AD1BFD5A1E2930F20022C865 /* DeepLink.swift */ = {isa = PBXFileReference; fileEncoding = 4; lastKnownFileType = sourcecode.swift; path = DeepLink.swift; sourceTree = "<group>"; };
		ADE320CD1E47941B0087146A /* OnboardingCoordinator.swift */ = {isa = PBXFileReference; fileEncoding = 4; lastKnownFileType = sourcecode.swift; path = OnboardingCoordinator.swift; sourceTree = "<group>"; };
		ADE320CF1E47943B0087146A /* Onboarding.storyboard */ = {isa = PBXFileReference; fileEncoding = 4; lastKnownFileType = file.storyboard; path = Onboarding.storyboard; sourceTree = "<group>"; };
		ADE320F41E4796D90087146A /* TabbarController.swift */ = {isa = PBXFileReference; fileEncoding = 4; lastKnownFileType = sourcecode.swift; path = TabbarController.swift; sourceTree = "<group>"; };
		ADE320F51E4796D90087146A /* TabbarCoordinator.swift */ = {isa = PBXFileReference; fileEncoding = 4; lastKnownFileType = sourcecode.swift; path = TabbarCoordinator.swift; sourceTree = "<group>"; };
		ADE320F61E4796D90087146A /* TabbarView.swift */ = {isa = PBXFileReference; fileEncoding = 4; lastKnownFileType = sourcecode.swift; path = TabbarView.swift; sourceTree = "<group>"; };
		ADE320FA1E4799150087146A /* PageViewController.swift */ = {isa = PBXFileReference; fileEncoding = 4; lastKnownFileType = sourcecode.swift; path = PageViewController.swift; sourceTree = "<group>"; };
		ADE320FC1E4799C20087146A /* StepController.swift */ = {isa = PBXFileReference; fileEncoding = 4; lastKnownFileType = sourcecode.swift; path = StepController.swift; sourceTree = "<group>"; };
		D50F9EEF1C7A525E00C5A59F /* ApplicationCoordinator.app */ = {isa = PBXFileReference; explicitFileType = wrapper.application; includeInIndex = 0; path = ApplicationCoordinator.app; sourceTree = BUILT_PRODUCTS_DIR; };
		D5311AAD1CF8566D00777B87 /* ItemCreateController.swift */ = {isa = PBXFileReference; fileEncoding = 4; lastKnownFileType = sourcecode.swift; lineEnding = 0; name = ItemCreateController.swift; path = "ApplicationCoordinator/Flows/Create flow/ItemCreateController.swift"; sourceTree = SOURCE_ROOT; xcLanguageSpecificationIdentifier = xcode.lang.swift; };
		D5311AAE1CF8566D00777B87 /* ItemCreateView.swift */ = {isa = PBXFileReference; fileEncoding = 4; lastKnownFileType = sourcecode.swift; name = ItemCreateView.swift; path = "ApplicationCoordinator/Flows/Create flow/ItemCreateView.swift"; sourceTree = SOURCE_ROOT; };
		D538B0971D0722490073895D /* Info.plist */ = {isa = PBXFileReference; fileEncoding = 4; lastKnownFileType = text.plist.xml; name = Info.plist; path = ApplicationCoordinator/Resources/Info.plist; sourceTree = SOURCE_ROOT; };
		D53C00B91D1BBADA00573E71 /* Presentable.swift */ = {isa = PBXFileReference; fileEncoding = 4; lastKnownFileType = sourcecode.swift; path = Presentable.swift; sourceTree = "<group>"; };
		D541E7631CD9126F004C38B3 /* Coordinator.swift */ = {isa = PBXFileReference; fileEncoding = 4; lastKnownFileType = sourcecode.swift; path = Coordinator.swift; sourceTree = "<group>"; };
		D541E7651CD9128B004C38B3 /* BaseView.swift */ = {isa = PBXFileReference; fileEncoding = 4; lastKnownFileType = sourcecode.swift; path = BaseView.swift; sourceTree = "<group>"; };
		D541E7691CD91304004C38B3 /* RouterImp.swift */ = {isa = PBXFileReference; fileEncoding = 4; lastKnownFileType = sourcecode.swift; lineEnding = 0; path = RouterImp.swift; sourceTree = "<group>"; xcLanguageSpecificationIdentifier = xcode.lang.swift; };
		D545E4A11CD1FF40002B6F8F /* BaseCoordinator.swift */ = {isa = PBXFileReference; fileEncoding = 4; lastKnownFileType = sourcecode.swift; path = BaseCoordinator.swift; sourceTree = "<group>"; };
		D5505CC61CDF67F60012CBA6 /* UIViewExtensions.swift */ = {isa = PBXFileReference; fileEncoding = 4; lastKnownFileType = sourcecode.swift; path = UIViewExtensions.swift; sourceTree = "<group>"; };
		D5505CC81CDF68260012CBA6 /* NSObjectExtensions.swift */ = {isa = PBXFileReference; fileEncoding = 4; lastKnownFileType = sourcecode.swift; path = NSObjectExtensions.swift; sourceTree = "<group>"; };
		D5505CCA1CDF68D10012CBA6 /* StoryboardsEnum.swift */ = {isa = PBXFileReference; fileEncoding = 4; lastKnownFileType = sourcecode.swift; path = StoryboardsEnum.swift; sourceTree = "<group>"; };
		D5FDC84D1CEB3579001C3DF3 /* LoginView.swift */ = {isa = PBXFileReference; fileEncoding = 4; lastKnownFileType = sourcecode.swift; name = LoginView.swift; path = ../LoginView.swift; sourceTree = "<group>"; };
		D5FDC84F1CEB3AE0001C3DF3 /* SignUpView.swift */ = {isa = PBXFileReference; fileEncoding = 4; lastKnownFileType = sourcecode.swift; name = SignUpView.swift; path = ../SignUpView.swift; sourceTree = "<group>"; };
		D5FDC8531CEB56A8001C3DF3 /* SettingsView.swift */ = {isa = PBXFileReference; fileEncoding = 4; lastKnownFileType = sourcecode.swift; path = SettingsView.swift; sourceTree = "<group>"; };
		D5FE33261D071ED900CE38B1 /* ModuleFactoryImp.swift */ = {isa = PBXFileReference; fileEncoding = 4; lastKnownFileType = sourcecode.swift; lineEnding = 0; name = ModuleFactoryImp.swift; path = ApplicationCoordinator/Factories/ModuleFactoryImp.swift; sourceTree = SOURCE_ROOT; xcLanguageSpecificationIdentifier = xcode.lang.swift; };
		D5FE332E1D071F4100CE38B1 /* CoordinatorFactoryImp.swift */ = {isa = PBXFileReference; fileEncoding = 4; lastKnownFileType = sourcecode.swift; lineEnding = 0; name = CoordinatorFactoryImp.swift; path = ApplicationCoordinator/Factories/CoordinatorFactoryImp.swift; sourceTree = SOURCE_ROOT; xcLanguageSpecificationIdentifier = xcode.lang.swift; };
		D5FE33301D071F6300CE38B1 /* ItemDetailController.swift */ = {isa = PBXFileReference; fileEncoding = 4; lastKnownFileType = sourcecode.swift; name = ItemDetailController.swift; path = "ApplicationCoordinator/Flows/Items flow/ItemDetailController.swift"; sourceTree = SOURCE_ROOT; };
		D5FE33311D071F6300CE38B1 /* ItemDetailView.swift */ = {isa = PBXFileReference; fileEncoding = 4; lastKnownFileType = sourcecode.swift; name = ItemDetailView.swift; path = "ApplicationCoordinator/Flows/Items flow/ItemDetailView.swift"; sourceTree = SOURCE_ROOT; };
		D5FE33321D071F6300CE38B1 /* ItemsListView.swift */ = {isa = PBXFileReference; fileEncoding = 4; lastKnownFileType = sourcecode.swift; name = ItemsListView.swift; path = "ApplicationCoordinator/Flows/Items flow/ItemsListView.swift"; sourceTree = SOURCE_ROOT; };
		D5FE33331D071F6300CE38B1 /* ItemsListController.swift */ = {isa = PBXFileReference; fileEncoding = 4; lastKnownFileType = sourcecode.swift; name = ItemsListController.swift; path = "ApplicationCoordinator/Flows/Items flow/ItemsListController.swift"; sourceTree = SOURCE_ROOT; };
		D5FE33421D0720E500CE38B1 /* Images.xcassets */ = {isa = PBXFileReference; lastKnownFileType = folder.assetcatalog; name = Images.xcassets; path = ApplicationCoordinator/Images.xcassets; sourceTree = SOURCE_ROOT; };
/* End PBXFileReference section */

/* Begin PBXFrameworksBuildPhase section */
		77E054AD1D79312700147DAE /* Frameworks */ = {
			isa = PBXFrameworksBuildPhase;
			buildActionMask = 2147483647;
			files = (
			);
			runOnlyForDeploymentPostprocessing = 0;
		};
		D50F9EEC1C7A525E00C5A59F /* Frameworks */ = {
			isa = PBXFrameworksBuildPhase;
			buildActionMask = 2147483647;
			files = (
			);
			runOnlyForDeploymentPostprocessing = 0;
		};
/* End PBXFrameworksBuildPhase section */

/* Begin PBXGroup section */
		0E3CCF7C1CCBBB670022E830 /* Application */ = {
			isa = PBXGroup;
			children = (
				0E3CCF7D1CCBBB670022E830 /* AppDelegate.swift */,
				0E3CCF7E1CCBBB670022E830 /* ApplicationCoordinator.swift */,
				AD1BFD561E2926900022C865 /* ApplicationCoordinator-Bridging-Header.h */,
			);
			name = Application;
			path = ApplicationCoordinator/Application;
			sourceTree = SOURCE_ROOT;
		};
		0E3CCF811CCBBB670022E830 /* Base.lproj */ = {
			isa = PBXGroup;
			children = (
				0E3CCF821CCBBB670022E830 /* LaunchScreen.storyboard */,
			);
			name = Base.lproj;
			path = ApplicationCoordinator/Base.lproj;
			sourceTree = SOURCE_ROOT;
		};
		0E3CCF861CCBBB670022E830 /* Extensions */ = {
			isa = PBXGroup;
			children = (
				0E3CCF881CCBBB670022E830 /* UIViewControllerExtension.swift */,
				D5505CC61CDF67F60012CBA6 /* UIViewExtensions.swift */,
				D5505CC81CDF68260012CBA6 /* NSObjectExtensions.swift */,
			);
			name = Extensions;
			path = ApplicationCoordinator/Extensions;
			sourceTree = SOURCE_ROOT;
		};
		0E3CCF891CCBBB670022E830 /* Flows */ = {
			isa = PBXGroup;
			children = (
				ADE320F31E4796810087146A /* MainTabbarFlow */,
				ADE320CC1E4793F60087146A /* OnboardingFlow */,
				0E3CCF8B1CCBBB670022E830 /* Items flow */,
				0E3CCF8A1CCBBB670022E830 /* Create flow */,
				0E3CCF8C1CCBBB670022E830 /* Login flow */,
				0E3CCF8D1CCBBB670022E830 /* Settings flow */,
			);
			name = Flows;
			path = ApplicationCoordinator/Flows;
			sourceTree = SOURCE_ROOT;
		};
		0E3CCF8A1CCBBB670022E830 /* Create flow */ = {
			isa = PBXGroup;
			children = (
				0E6A42C91CF4E81E005746EC /* ItemCreateCoordinatorOutput.swift */,
				0E3CCFC11CCBC0AA0022E830 /* ItemCreateCoordinator.swift */,
				0E6A42CB1CF4E84D005746EC /* Controllers */,
			);
			path = "Create flow";
			sourceTree = "<group>";
		};
		0E3CCF8B1CCBBB670022E830 /* Items flow */ = {
			isa = PBXGroup;
			children = (
				0E3CCFB31CCBBCA20022E830 /* ItemCoordinator.swift */,
				0E6A42C81CF4E7F7005746EC /* Controllers */,
			);
			path = "Items flow";
			sourceTree = "<group>";
		};
		0E3CCF8C1CCBBB670022E830 /* Login flow */ = {
			isa = PBXGroup;
			children = (
				0E6A42CC1CF4E862005746EC /* AuthCoordinatorOutput.swift */,
				0E3CCFBB1CCBC0210022E830 /* AuthCoordinator.swift */,
				0E6A42CE1CF4E88C005746EC /* Controllers */,
			);
			path = "Login flow";
			sourceTree = "<group>";
		};
		0E3CCF8D1CCBBB670022E830 /* Settings flow */ = {
			isa = PBXGroup;
			children = (
				0E3CCFBD1CCBC04B0022E830 /* SettingsCoordinator.swift */,
				D5FDC8531CEB56A8001C3DF3 /* SettingsView.swift */,
				0E3CCFBF1CCBC0600022E830 /* SettingsController.swift */,
			);
			path = "Settings flow";
			sourceTree = "<group>";
		};
		0E3CCF921CCBBB670022E830 /* Protocols */ = {
			isa = PBXGroup;
			children = (
				D541E7631CD9126F004C38B3 /* Coordinator.swift */,
				AD1BFD5A1E2930F20022C865 /* DeepLink.swift */,
				AD1BFD581E2930C40022C865 /* DeepLinkOption.swift */,
				D541E7651CD9128B004C38B3 /* BaseView.swift */,
				D53C00B91D1BBADA00573E71 /* Presentable.swift */,
			);
			name = Protocols;
			path = ApplicationCoordinator/Protocols;
			sourceTree = SOURCE_ROOT;
		};
		0E3CCF961CCBBB670022E830 /* Storyboards */ = {
			isa = PBXGroup;
			children = (
				D5505CCA1CDF68D10012CBA6 /* StoryboardsEnum.swift */,
				0E3CCF841CCBBB670022E830 /* Main.storyboard */,
				ADE320CF1E47943B0087146A /* Onboarding.storyboard */,
				0E3CCF971CCBBB670022E830 /* Auth.storyboard */,
				0E3CCF981CCBBB670022E830 /* Items.storyboard */,
				0E3CCFAF1CCBBC760022E830 /* Create.storyboard */,
				0E3CCFB01CCBBC760022E830 /* Settings.storyboard */,
			);
			name = Storyboards;
			path = ApplicationCoordinator/Storyboards;
			sourceTree = SOURCE_ROOT;
		};
		0E3CCFAA1CCBBBFB0022E830 /* Resources */ = {
			isa = PBXGroup;
			children = (
				D5FE33421D0720E500CE38B1 /* Images.xcassets */,
				D538B0971D0722490073895D /* Info.plist */,
				0E3CCF811CCBBB670022E830 /* Base.lproj */,
			);
			name = Resources;
			path = ../ApplicationCoordinator/Resources;
			sourceTree = "<group>";
		};
		0E3CCFC51CCBC6660022E830 /* Model */ = {
			isa = PBXGroup;
			children = (
				0E3CCFC61CCBC6740022E830 /* ItemList.swift */,
				0E3CCFCA1CCBFB150022E830 /* Setting.swift */,
			);
			name = Model;
			path = ApplicationCoordinator/Model;
			sourceTree = SOURCE_ROOT;
		};
		0E6A42C71CF4E4C4005746EC /* Imp */ = {
			isa = PBXGroup;
			children = (
				D5FE332E1D071F4100CE38B1 /* CoordinatorFactoryImp.swift */,
				D5FE33261D071ED900CE38B1 /* ModuleFactoryImp.swift */,
			);
			path = Imp;
			sourceTree = "<group>";
		};
		0E6A42C81CF4E7F7005746EC /* Controllers */ = {
			isa = PBXGroup;
			children = (
				D5FE33321D071F6300CE38B1 /* ItemsListView.swift */,
				D5FE33331D071F6300CE38B1 /* ItemsListController.swift */,
				D5FE33311D071F6300CE38B1 /* ItemDetailView.swift */,
				D5FE33301D071F6300CE38B1 /* ItemDetailController.swift */,
			);
			path = Controllers;
			sourceTree = "<group>";
		};
		0E6A42CB1CF4E84D005746EC /* Controllers */ = {
			isa = PBXGroup;
			children = (
				D5311AAE1CF8566D00777B87 /* ItemCreateView.swift */,
				D5311AAD1CF8566D00777B87 /* ItemCreateController.swift */,
			);
			path = Controllers;
			sourceTree = "<group>";
		};
		0E6A42CE1CF4E88C005746EC /* Controllers */ = {
			isa = PBXGroup;
			children = (
				D5FDC84D1CEB3579001C3DF3 /* LoginView.swift */,
				0E3CCFB91CCBBFEF0022E830 /* LoginController.swift */,
				D5FDC84F1CEB3AE0001C3DF3 /* SignUpView.swift */,
				0E3CCFC81CCBE87F0022E830 /* SignUpController.swift */,
				0E6A42D31CF62EA2005746EC /* TermsView.swift */,
				0E6A42D11CF627CC005746EC /* TermsController.swift */,
			);
			path = Controllers;
			sourceTree = "<group>";
		};
		77E054B11D79312700147DAE /* ApplicationCoordinatorTests */ = {
			isa = PBXGroup;
			children = (
				77E054C91D79378400147DAE /* Factory */,
				77E054C61D79377300147DAE /* Application */,
				77E054C71D79377300147DAE /* Parent */,
				77E054C81D79377300147DAE /* Router */,
				77E054C21D79370D00147DAE /* CreateFlow */,
				77E054C31D79370D00147DAE /* ItemsFlow */,
				77E054C41D79370D00147DAE /* LoginFlow */,
				77E054C51D79370D00147DAE /* SettingsFlow */,
				77E054B41D79312700147DAE /* Info.plist */,
			);
			path = ApplicationCoordinatorTests;
			sourceTree = "<group>";
		};
		77E054C21D79370D00147DAE /* CreateFlow */ = {
			isa = PBXGroup;
			children = (
			);
			path = CreateFlow;
			sourceTree = "<group>";
		};
		77E054C31D79370D00147DAE /* ItemsFlow */ = {
			isa = PBXGroup;
			children = (
				77B3E7901D8E90550095527A /* ItemCoordinatorTest.swift */,
			);
			path = ItemsFlow;
			sourceTree = "<group>";
		};
		77E054C41D79370D00147DAE /* LoginFlow */ = {
			isa = PBXGroup;
			children = (
				771217801D7C94290070CDF9 /* AuthCoordinatorTest.swift */,
			);
			path = LoginFlow;
			sourceTree = "<group>";
		};
		77E054C51D79370D00147DAE /* SettingsFlow */ = {
			isa = PBXGroup;
			children = (
				7712177E1D7C91670070CDF9 /* SettingsCoordinatorTest.swift */,
			);
			path = SettingsFlow;
			sourceTree = "<group>";
		};
		77E054C61D79377300147DAE /* Application */ = {
			isa = PBXGroup;
			children = (
			);
			path = Application;
			sourceTree = "<group>";
		};
		77E054C71D79377300147DAE /* Parent */ = {
			isa = PBXGroup;
			children = (
				7712177C1D7C89EA0070CDF9 /* BaseCoordinatorTest.swift */,
			);
			path = Parent;
			sourceTree = "<group>";
		};
		77E054C81D79377300147DAE /* Router */ = {
			isa = PBXGroup;
			children = (
				77E054CA1D7937C900147DAE /* RouterTest.swift */,
				77E054CC1D79391600147DAE /* RouterMock.swift */,
			);
			path = Router;
			sourceTree = "<group>";
		};
		77E054C91D79378400147DAE /* Factory */ = {
			isa = PBXGroup;
			children = (
			);
			path = Factory;
			sourceTree = "<group>";
		};
		AD1BFD531E2926040022C865 /* Frameworks */ = {
			isa = PBXGroup;
			children = (
			);
			name = Frameworks;
			sourceTree = "<group>";
		};
		ADE320CC1E4793F60087146A /* OnboardingFlow */ = {
			isa = PBXGroup;
			children = (
				ADE320CD1E47941B0087146A /* OnboardingCoordinator.swift */,
				ADE320FA1E4799150087146A /* PageViewController.swift */,
				ADE320FC1E4799C20087146A /* StepController.swift */,
			);
			path = OnboardingFlow;
			sourceTree = "<group>";
		};
		ADE320F31E4796810087146A /* MainTabbarFlow */ = {
			isa = PBXGroup;
			children = (
				ADE320F51E4796D90087146A /* TabbarCoordinator.swift */,
				ADE320F61E4796D90087146A /* TabbarView.swift */,
				ADE320F41E4796D90087146A /* TabbarController.swift */,
			);
			path = MainTabbarFlow;
			sourceTree = "<group>";
		};
		D50F9EE61C7A525E00C5A59F = {
			isa = PBXGroup;
			children = (
				D50F9EF11C7A525E00C5A59F /* ApplicationCoordinator */,
				77E054B11D79312700147DAE /* ApplicationCoordinatorTests */,
				D50F9EF01C7A525E00C5A59F /* Products */,
				AD1BFD531E2926040022C865 /* Frameworks */,
			);
			sourceTree = "<group>";
		};
		D50F9EF01C7A525E00C5A59F /* Products */ = {
			isa = PBXGroup;
			children = (
				D50F9EEF1C7A525E00C5A59F /* ApplicationCoordinator.app */,
				77E054B01D79312700147DAE /* ApplicationCoordinatorTests.xctest */,
			);
			name = Products;
			sourceTree = "<group>";
		};
		D50F9EF11C7A525E00C5A59F /* ApplicationCoordinator */ = {
			isa = PBXGroup;
			children = (
				0E3CCF7C1CCBBB670022E830 /* Application */,
				0E3CCF921CCBBB670022E830 /* Protocols */,
				D541E7681CD912F3004C38B3 /* Router */,
				0E3CCF861CCBBB670022E830 /* Extensions */,
				0E3CCFC51CCBC6660022E830 /* Model */,
				D541E7671CD912BD004C38B3 /* Factories */,
				D545E4A01CD1FEFB002B6F8F /* Parents */,
				0E3CCF891CCBBB670022E830 /* Flows */,
				0E3CCF961CCBBB670022E830 /* Storyboards */,
				0E3CCFAA1CCBBBFB0022E830 /* Resources */,
			);
			name = ApplicationCoordinator;
			path = ApplicationCoordinatorExample;
			sourceTree = "<group>";
		};
		D541E7671CD912BD004C38B3 /* Factories */ = {
			isa = PBXGroup;
			children = (
				0E6A42C71CF4E4C4005746EC /* Imp */,
				0E6A42BD1CF4DE62005746EC /* CoordinatorFactory.swift */,
				0E6A42BF1CF4E06C005746EC /* ItemModuleFactory.swift */,
				0E6A42C11CF4E29F005746EC /* ItemCreateModuleFactory.swift */,
				0E6A42C31CF4E300005746EC /* AuthModuleFactory.swift */,
				0E6A42C51CF4E45F005746EC /* SettingsModuleFactory.swift */,
			);
			name = Factories;
			path = ApplicationCoordinator/Factories;
			sourceTree = SOURCE_ROOT;
		};
		D541E7681CD912F3004C38B3 /* Router */ = {
			isa = PBXGroup;
			children = (
				0EDCA2F41CEE365300A6E385 /* Router.swift */,
				D541E7691CD91304004C38B3 /* RouterImp.swift */,
			);
			name = Router;
			path = ApplicationCoordinator/Presenters;
			sourceTree = SOURCE_ROOT;
		};
		D545E4A01CD1FEFB002B6F8F /* Parents */ = {
			isa = PBXGroup;
			children = (
				D545E4A11CD1FF40002B6F8F /* BaseCoordinator.swift */,
			);
			name = Parents;
			path = ApplicationCoordinator/Parents;
			sourceTree = SOURCE_ROOT;
		};
/* End PBXGroup section */

/* Begin PBXNativeTarget section */
		77E054AF1D79312700147DAE /* ApplicationCoordinatorTests */ = {
			isa = PBXNativeTarget;
			buildConfigurationList = 77E054B91D79312700147DAE /* Build configuration list for PBXNativeTarget "ApplicationCoordinatorTests" */;
			buildPhases = (
				77E054AC1D79312700147DAE /* Sources */,
				77E054AD1D79312700147DAE /* Frameworks */,
				77E054AE1D79312700147DAE /* Resources */,
			);
			buildRules = (
			);
			dependencies = (
				77E054B61D79312700147DAE /* PBXTargetDependency */,
			);
			name = ApplicationCoordinatorTests;
			productName = ApplicationCoordinatorTests;
			productReference = 77E054B01D79312700147DAE /* ApplicationCoordinatorTests.xctest */;
			productType = "com.apple.product-type.bundle.unit-test";
		};
		D50F9EEE1C7A525E00C5A59F /* ApplicationCoordinator */ = {
			isa = PBXNativeTarget;
			buildConfigurationList = D50F9F011C7A525E00C5A59F /* Build configuration list for PBXNativeTarget "ApplicationCoordinator" */;
			buildPhases = (
				D50F9EEB1C7A525E00C5A59F /* Sources */,
				D50F9EEC1C7A525E00C5A59F /* Frameworks */,
				D50F9EED1C7A525E00C5A59F /* Resources */,
			);
			buildRules = (
			);
			dependencies = (
			);
			name = ApplicationCoordinator;
			productName = ApplicationCoordinatorExample;
			productReference = D50F9EEF1C7A525E00C5A59F /* ApplicationCoordinator.app */;
			productType = "com.apple.product-type.application";
		};
/* End PBXNativeTarget section */

/* Begin PBXProject section */
		D50F9EE71C7A525E00C5A59F /* Project object */ = {
			isa = PBXProject;
			attributes = {
				LastSwiftUpdateCheck = 0730;
				LastUpgradeCheck = 0800;
				ORGANIZATIONNAME = "Andrey Panov";
				TargetAttributes = {
					77E054AF1D79312700147DAE = {
						CreatedOnToolsVersion = 7.3.1;
						LastSwiftMigration = 0800;
						TestTargetID = D50F9EEE1C7A525E00C5A59F;
					};
					D50F9EEE1C7A525E00C5A59F = {
						CreatedOnToolsVersion = 7.2.1;
						DevelopmentTeam = CMWP53JFC4;
						LastSwiftMigration = 0820;
					};
				};
			};
			buildConfigurationList = D50F9EEA1C7A525E00C5A59F /* Build configuration list for PBXProject "ApplicationCoordinator" */;
			compatibilityVersion = "Xcode 3.2";
			developmentRegion = English;
			hasScannedForEncodings = 0;
			knownRegions = (
				en,
				Base,
			);
			mainGroup = D50F9EE61C7A525E00C5A59F;
			productRefGroup = D50F9EF01C7A525E00C5A59F /* Products */;
			projectDirPath = "";
			projectRoot = "";
			targets = (
				D50F9EEE1C7A525E00C5A59F /* ApplicationCoordinator */,
				77E054AF1D79312700147DAE /* ApplicationCoordinatorTests */,
			);
		};
/* End PBXProject section */

/* Begin PBXResourcesBuildPhase section */
		77E054AE1D79312700147DAE /* Resources */ = {
			isa = PBXResourcesBuildPhase;
			buildActionMask = 2147483647;
			files = (
			);
			runOnlyForDeploymentPostprocessing = 0;
		};
		D50F9EED1C7A525E00C5A59F /* Resources */ = {
			isa = PBXResourcesBuildPhase;
			buildActionMask = 2147483647;
			files = (
				0E3CCFB11CCBBC760022E830 /* Create.storyboard in Resources */,
				0E3CCFA91CCBBB670022E830 /* Items.storyboard in Resources */,
				D5FE33431D0720E500CE38B1 /* Images.xcassets in Resources */,
				0E3CCF9E1CCBBB670022E830 /* Main.storyboard in Resources */,
				0E3CCF9D1CCBBB670022E830 /* LaunchScreen.storyboard in Resources */,
				0E3CCFA81CCBBB670022E830 /* Auth.storyboard in Resources */,
				0E3CCFB21CCBBC760022E830 /* Settings.storyboard in Resources */,
				ADE320D01E47943B0087146A /* Onboarding.storyboard in Resources */,
			);
			runOnlyForDeploymentPostprocessing = 0;
		};
/* End PBXResourcesBuildPhase section */

/* Begin PBXSourcesBuildPhase section */
		77E054AC1D79312700147DAE /* Sources */ = {
			isa = PBXSourcesBuildPhase;
			buildActionMask = 2147483647;
			files = (
				77E054CD1D79391600147DAE /* RouterMock.swift in Sources */,
				77B3E7911D8E90550095527A /* ItemCoordinatorTest.swift in Sources */,
				7712177F1D7C91670070CDF9 /* SettingsCoordinatorTest.swift in Sources */,
				77E054CB1D7937C900147DAE /* RouterTest.swift in Sources */,
				7712177D1D7C89EA0070CDF9 /* BaseCoordinatorTest.swift in Sources */,
				771217811D7C94290070CDF9 /* AuthCoordinatorTest.swift in Sources */,
			);
			runOnlyForDeploymentPostprocessing = 0;
		};
		D50F9EEB1C7A525E00C5A59F /* Sources */ = {
			isa = PBXSourcesBuildPhase;
			buildActionMask = 2147483647;
			files = (
				0E3CCF991CCBBB670022E830 /* AppDelegate.swift in Sources */,
				0E6A42C01CF4E06C005746EC /* ItemModuleFactory.swift in Sources */,
				0E3CCFBA1CCBBFEF0022E830 /* LoginController.swift in Sources */,
				0E3CCFC71CCBC6740022E830 /* ItemList.swift in Sources */,
				ADE320F81E4796D90087146A /* TabbarCoordinator.swift in Sources */,
				0E6A42C41CF4E300005746EC /* AuthModuleFactory.swift in Sources */,
				D541E7661CD9128B004C38B3 /* BaseView.swift in Sources */,
				0E6A42C21CF4E29F005746EC /* ItemCreateModuleFactory.swift in Sources */,
				D53C00BA1D1BBADA00573E71 /* Presentable.swift in Sources */,
				0E6A42D21CF627CC005746EC /* TermsController.swift in Sources */,
				0EDCA2F51CEE365300A6E385 /* Router.swift in Sources */,
				0E3CCFB41CCBBCA20022E830 /* ItemCoordinator.swift in Sources */,
				D5505CCB1CDF68D10012CBA6 /* StoryboardsEnum.swift in Sources */,
				D5311AAF1CF8566D00777B87 /* ItemCreateController.swift in Sources */,
				0E3CCFBC1CCBC0210022E830 /* AuthCoordinator.swift in Sources */,
				ADE320FB1E4799150087146A /* PageViewController.swift in Sources */,
				D5FE33371D071F6300CE38B1 /* ItemsListController.swift in Sources */,
				0E3CCFC01CCBC0600022E830 /* SettingsController.swift in Sources */,
				0E6A42BE1CF4DE62005746EC /* CoordinatorFactory.swift in Sources */,
				D5505CC91CDF68260012CBA6 /* NSObjectExtensions.swift in Sources */,
				ADE320CE1E47941B0087146A /* OnboardingCoordinator.swift in Sources */,
				0E6A42CA1CF4E81E005746EC /* ItemCreateCoordinatorOutput.swift in Sources */,
				D541E76A1CD91304004C38B3 /* RouterImp.swift in Sources */,
				D5FDC8501CEB3AE0001C3DF3 /* SignUpView.swift in Sources */,
				0E6A42D41CF62EA2005746EC /* TermsView.swift in Sources */,
				D5FDC84E1CEB3579001C3DF3 /* LoginView.swift in Sources */,
				0E3CCFC91CCBE87F0022E830 /* SignUpController.swift in Sources */,
				ADE320FD1E4799C20087146A /* StepController.swift in Sources */,
				D5FE33361D071F6300CE38B1 /* ItemsListView.swift in Sources */,
				D5311AB01CF8566D00777B87 /* ItemCreateView.swift in Sources */,
				D5FE332A1D071ED900CE38B1 /* ModuleFactoryImp.swift in Sources */,
				D5505CC71CDF67F60012CBA6 /* UIViewExtensions.swift in Sources */,
				AD1BFD591E2930C40022C865 /* DeepLinkOption.swift in Sources */,
				D5FE332F1D071F4100CE38B1 /* CoordinatorFactoryImp.swift in Sources */,
				0E6A42C61CF4E45F005746EC /* SettingsModuleFactory.swift in Sources */,
				ADE320F91E4796D90087146A /* TabbarView.swift in Sources */,
				0E3CCFA01CCBBB670022E830 /* UIViewControllerExtension.swift in Sources */,
				0E3CCFC21CCBC0AA0022E830 /* ItemCreateCoordinator.swift in Sources */,
				D5FE33351D071F6300CE38B1 /* ItemDetailView.swift in Sources */,
				0E3CCF9A1CCBBB670022E830 /* ApplicationCoordinator.swift in Sources */,
				D5FE33341D071F6300CE38B1 /* ItemDetailController.swift in Sources */,
				D5FDC8541CEB56A8001C3DF3 /* SettingsView.swift in Sources */,
				0E6A42CD1CF4E862005746EC /* AuthCoordinatorOutput.swift in Sources */,
				D545E4A21CD1FF40002B6F8F /* BaseCoordinator.swift in Sources */,
				0E3CCFBE1CCBC04B0022E830 /* SettingsCoordinator.swift in Sources */,
				0E3CCFCB1CCBFB150022E830 /* Setting.swift in Sources */,
				D541E7641CD9126F004C38B3 /* Coordinator.swift in Sources */,
				ADE320F71E4796D90087146A /* TabbarController.swift in Sources */,
				AD1BFD5B1E2930F20022C865 /* DeepLink.swift in Sources */,
			);
			runOnlyForDeploymentPostprocessing = 0;
		};
/* End PBXSourcesBuildPhase section */

/* Begin PBXTargetDependency section */
		77E054B61D79312700147DAE /* PBXTargetDependency */ = {
			isa = PBXTargetDependency;
			target = D50F9EEE1C7A525E00C5A59F /* ApplicationCoordinator */;
			targetProxy = 77E054B51D79312700147DAE /* PBXContainerItemProxy */;
		};
/* End PBXTargetDependency section */

/* Begin PBXVariantGroup section */
		0E3CCF821CCBBB670022E830 /* LaunchScreen.storyboard */ = {
			isa = PBXVariantGroup;
			children = (
				0E3CCF831CCBBB670022E830 /* Base */,
			);
			name = LaunchScreen.storyboard;
			sourceTree = "<group>";
		};
		0E3CCF841CCBBB670022E830 /* Main.storyboard */ = {
			isa = PBXVariantGroup;
			children = (
				0E3CCF851CCBBB670022E830 /* Base */,
			);
			name = Main.storyboard;
			path = ../Base.lproj;
			sourceTree = "<group>";
		};
/* End PBXVariantGroup section */

/* Begin XCBuildConfiguration section */
		77E054B71D79312700147DAE /* Debug */ = {
			isa = XCBuildConfiguration;
			buildSettings = {
				BUNDLE_LOADER = "$(TEST_HOST)";
				CLANG_ANALYZER_NONNULL = YES;
				CLANG_ENABLE_MODULES = YES;
				INFOPLIST_FILE = ApplicationCoordinatorTests/Info.plist;
				IPHONEOS_DEPLOYMENT_TARGET = 9.3;
				LD_RUNPATH_SEARCH_PATHS = "$(inherited) @executable_path/Frameworks @loader_path/Frameworks";
				PRODUCT_BUNDLE_IDENTIFIER = com.panovdev.ApplicationCoordinatorTests;
				PRODUCT_NAME = "$(TARGET_NAME)";
				SWIFT_OPTIMIZATION_LEVEL = "-Onone";
				SWIFT_VERSION = 3.0;
				TEST_HOST = "$(BUILT_PRODUCTS_DIR)/ApplicationCoordinator.app/ApplicationCoordinator";
			};
			name = Debug;
		};
		77E054B81D79312700147DAE /* Release */ = {
			isa = XCBuildConfiguration;
			buildSettings = {
				BUNDLE_LOADER = "$(TEST_HOST)";
				CLANG_ANALYZER_NONNULL = YES;
				CLANG_ENABLE_MODULES = YES;
				INFOPLIST_FILE = ApplicationCoordinatorTests/Info.plist;
				IPHONEOS_DEPLOYMENT_TARGET = 9.3;
				LD_RUNPATH_SEARCH_PATHS = "$(inherited) @executable_path/Frameworks @loader_path/Frameworks";
				PRODUCT_BUNDLE_IDENTIFIER = com.panovdev.ApplicationCoordinatorTests;
				PRODUCT_NAME = "$(TARGET_NAME)";
				SWIFT_VERSION = 3.0;
				TEST_HOST = "$(BUILT_PRODUCTS_DIR)/ApplicationCoordinator.app/ApplicationCoordinator";
			};
			name = Release;
		};
		D50F9EFF1C7A525E00C5A59F /* Debug */ = {
			isa = XCBuildConfiguration;
			buildSettings = {
				ALWAYS_SEARCH_USER_PATHS = NO;
				CLANG_CXX_LANGUAGE_STANDARD = "gnu++0x";
				CLANG_CXX_LIBRARY = "libc++";
				CLANG_ENABLE_MODULES = YES;
				CLANG_ENABLE_OBJC_ARC = YES;
				CLANG_WARN_BOOL_CONVERSION = YES;
				CLANG_WARN_CONSTANT_CONVERSION = YES;
				CLANG_WARN_DIRECT_OBJC_ISA_USAGE = YES_ERROR;
				CLANG_WARN_EMPTY_BODY = YES;
				CLANG_WARN_ENUM_CONVERSION = YES;
				CLANG_WARN_INFINITE_RECURSION = YES;
				CLANG_WARN_INT_CONVERSION = YES;
				CLANG_WARN_OBJC_ROOT_CLASS = YES_ERROR;
				CLANG_WARN_SUSPICIOUS_MOVE = YES;
				CLANG_WARN_UNREACHABLE_CODE = YES;
				CLANG_WARN__DUPLICATE_METHOD_MATCH = YES;
				"CODE_SIGN_IDENTITY[sdk=iphoneos*]" = "iPhone Developer";
				COPY_PHASE_STRIP = NO;
				DEBUG_INFORMATION_FORMAT = dwarf;
				ENABLE_STRICT_OBJC_MSGSEND = YES;
				ENABLE_TESTABILITY = YES;
				GCC_C_LANGUAGE_STANDARD = gnu99;
				GCC_DYNAMIC_NO_PIC = NO;
				GCC_NO_COMMON_BLOCKS = YES;
				GCC_OPTIMIZATION_LEVEL = 0;
				GCC_PREPROCESSOR_DEFINITIONS = (
					"DEBUG=1",
					"$(inherited)",
				);
				GCC_WARN_64_TO_32_BIT_CONVERSION = YES;
				GCC_WARN_ABOUT_RETURN_TYPE = YES_ERROR;
				GCC_WARN_UNDECLARED_SELECTOR = YES;
				GCC_WARN_UNINITIALIZED_AUTOS = YES_AGGRESSIVE;
				GCC_WARN_UNUSED_FUNCTION = YES;
				GCC_WARN_UNUSED_VARIABLE = YES;
				IPHONEOS_DEPLOYMENT_TARGET = 9.2;
				MTL_ENABLE_DEBUG_INFO = YES;
				ONLY_ACTIVE_ARCH = YES;
				SDKROOT = iphoneos;
				SWIFT_OPTIMIZATION_LEVEL = "-Onone";
			};
			name = Debug;
		};
		D50F9F001C7A525E00C5A59F /* Release */ = {
			isa = XCBuildConfiguration;
			buildSettings = {
				ALWAYS_SEARCH_USER_PATHS = NO;
				CLANG_CXX_LANGUAGE_STANDARD = "gnu++0x";
				CLANG_CXX_LIBRARY = "libc++";
				CLANG_ENABLE_MODULES = YES;
				CLANG_ENABLE_OBJC_ARC = YES;
				CLANG_WARN_BOOL_CONVERSION = YES;
				CLANG_WARN_CONSTANT_CONVERSION = YES;
				CLANG_WARN_DIRECT_OBJC_ISA_USAGE = YES_ERROR;
				CLANG_WARN_EMPTY_BODY = YES;
				CLANG_WARN_ENUM_CONVERSION = YES;
				CLANG_WARN_INFINITE_RECURSION = YES;
				CLANG_WARN_INT_CONVERSION = YES;
				CLANG_WARN_OBJC_ROOT_CLASS = YES_ERROR;
				CLANG_WARN_SUSPICIOUS_MOVE = YES;
				CLANG_WARN_UNREACHABLE_CODE = YES;
				CLANG_WARN__DUPLICATE_METHOD_MATCH = YES;
				"CODE_SIGN_IDENTITY[sdk=iphoneos*]" = "iPhone Developer";
				COPY_PHASE_STRIP = NO;
				DEBUG_INFORMATION_FORMAT = "dwarf-with-dsym";
				ENABLE_NS_ASSERTIONS = NO;
				ENABLE_STRICT_OBJC_MSGSEND = YES;
				GCC_C_LANGUAGE_STANDARD = gnu99;
				GCC_NO_COMMON_BLOCKS = YES;
				GCC_WARN_64_TO_32_BIT_CONVERSION = YES;
				GCC_WARN_ABOUT_RETURN_TYPE = YES_ERROR;
				GCC_WARN_UNDECLARED_SELECTOR = YES;
				GCC_WARN_UNINITIALIZED_AUTOS = YES_AGGRESSIVE;
				GCC_WARN_UNUSED_FUNCTION = YES;
				GCC_WARN_UNUSED_VARIABLE = YES;
				IPHONEOS_DEPLOYMENT_TARGET = 9.2;
				MTL_ENABLE_DEBUG_INFO = NO;
				SDKROOT = iphoneos;
				SWIFT_OPTIMIZATION_LEVEL = "-Owholemodule";
				VALIDATE_PRODUCT = YES;
			};
			name = Release;
		};
		D50F9F021C7A525E00C5A59F /* Debug */ = {
			isa = XCBuildConfiguration;
			buildSettings = {
				ASSETCATALOG_COMPILER_APPICON_NAME = AppIcon;
				ASSETCATALOG_COMPILER_LAUNCHIMAGE_NAME = "Brand Assets";
				CLANG_ENABLE_MODULES = YES;
				DEVELOPMENT_TEAM = CMWP53JFC4;
				INFOPLIST_FILE = "$(SRCROOT)/ApplicationCoordinator/Resources/Info.plist";
				LD_RUNPATH_SEARCH_PATHS = "$(inherited) @executable_path/Frameworks";
				PRODUCT_BUNDLE_IDENTIFIER = com.panovdev.ApplicationCoordinator;
				PRODUCT_NAME = ApplicationCoordinator;
				SWIFT_OBJC_BRIDGING_HEADER = "ApplicationCoordinator/Application/ApplicationCoordinator-Bridging-Header.h";
				SWIFT_OPTIMIZATION_LEVEL = "-Onone";
				SWIFT_VERSION = 3.0;
			};
			name = Debug;
		};
		D50F9F031C7A525E00C5A59F /* Release */ = {
			isa = XCBuildConfiguration;
			buildSettings = {
				ASSETCATALOG_COMPILER_APPICON_NAME = AppIcon;
				ASSETCATALOG_COMPILER_LAUNCHIMAGE_NAME = "Brand Assets";
				CLANG_ENABLE_MODULES = YES;
				DEVELOPMENT_TEAM = CMWP53JFC4;
				INFOPLIST_FILE = "$(SRCROOT)/ApplicationCoordinator/Resources/Info.plist";
				LD_RUNPATH_SEARCH_PATHS = "$(inherited) @executable_path/Frameworks";
				PRODUCT_BUNDLE_IDENTIFIER = com.panovdev.ApplicationCoordinator;
				PRODUCT_NAME = ApplicationCoordinator;
				SWIFT_OBJC_BRIDGING_HEADER = "ApplicationCoordinator/Application/ApplicationCoordinator-Bridging-Header.h";
				SWIFT_VERSION = 3.0;
			};
			name = Release;
		};
/* End XCBuildConfiguration section */

/* Begin XCConfigurationList section */
		77E054B91D79312700147DAE /* Build configuration list for PBXNativeTarget "ApplicationCoordinatorTests" */ = {
			isa = XCConfigurationList;
			buildConfigurations = (
				77E054B71D79312700147DAE /* Debug */,
				77E054B81D79312700147DAE /* Release */,
			);
			defaultConfigurationIsVisible = 0;
			defaultConfigurationName = Release;
		};
		D50F9EEA1C7A525E00C5A59F /* Build configuration list for PBXProject "ApplicationCoordinator" */ = {
			isa = XCConfigurationList;
			buildConfigurations = (
				D50F9EFF1C7A525E00C5A59F /* Debug */,
				D50F9F001C7A525E00C5A59F /* Release */,
			);
			defaultConfigurationIsVisible = 0;
			defaultConfigurationName = Release;
		};
		D50F9F011C7A525E00C5A59F /* Build configuration list for PBXNativeTarget "ApplicationCoordinator" */ = {
			isa = XCConfigurationList;
			buildConfigurations = (
				D50F9F021C7A525E00C5A59F /* Debug */,
				D50F9F031C7A525E00C5A59F /* Release */,
			);
			defaultConfigurationIsVisible = 0;
			defaultConfigurationName = Release;
		};
/* End XCConfigurationList section */
	};
	rootObject = D50F9EE71C7A525E00C5A59F /* Project object */;
}
