// !$*UTF8*$!
{
	archiveVersion = 1;
	classes = {
	};
	objectVersion = 46;
	objects = {

/* Begin PBXBuildFile section */
		D50F9EF31C7A525E00C5A59F /* AppDelegate.swift in Sources */ = {isa = PBXBuildFile; fileRef = D50F9EF21C7A525E00C5A59F /* AppDelegate.swift */; };
		D50F9EF51C7A525E00C5A59F /* ViewController.swift in Sources */ = {isa = PBXBuildFile; fileRef = D50F9EF41C7A525E00C5A59F /* ViewController.swift */; };
		D50F9EF81C7A525E00C5A59F /* Main.storyboard in Resources */ = {isa = PBXBuildFile; fileRef = D50F9EF61C7A525E00C5A59F /* Main.storyboard */; };
		D50F9EFA1C7A525E00C5A59F /* Assets.xcassets in Resources */ = {isa = PBXBuildFile; fileRef = D50F9EF91C7A525E00C5A59F /* Assets.xcassets */; };
		D50F9EFD1C7A525E00C5A59F /* LaunchScreen.storyboard in Resources */ = {isa = PBXBuildFile; fileRef = D50F9EFB1C7A525E00C5A59F /* LaunchScreen.storyboard */; };
		D50F9F051C7A528600C5A59F /* ApplicationCoordinator.swift in Sources */ = {isa = PBXBuildFile; fileRef = D50F9F041C7A528600C5A59F /* ApplicationCoordinator.swift */; };
/* End PBXBuildFile section */

/* Begin PBXFileReference section */
		D50F9EEF1C7A525E00C5A59F /* ApplicationCoordinatorExample.app */ = {isa = PBXFileReference; explicitFileType = wrapper.application; includeInIndex = 0; path = ApplicationCoordinatorExample.app; sourceTree = BUILT_PRODUCTS_DIR; };
		D50F9EF21C7A525E00C5A59F /* AppDelegate.swift */ = {isa = PBXFileReference; lastKnownFileType = sourcecode.swift; path = AppDelegate.swift; sourceTree = "<group>"; };
		D50F9EF41C7A525E00C5A59F /* ViewController.swift */ = {isa = PBXFileReference; lastKnownFileType = sourcecode.swift; path = ViewController.swift; sourceTree = "<group>"; };
		D50F9EF71C7A525E00C5A59F /* Base */ = {isa = PBXFileReference; lastKnownFileType = file.storyboard; name = Base; path = Base.lproj/Main.storyboard; sourceTree = "<group>"; };
		D50F9EF91C7A525E00C5A59F /* Assets.xcassets */ = {isa = PBXFileReference; lastKnownFileType = folder.assetcatalog; path = Assets.xcassets; sourceTree = "<group>"; };
		D50F9EFC1C7A525E00C5A59F /* Base */ = {isa = PBXFileReference; lastKnownFileType = file.storyboard; name = Base; path = Base.lproj/LaunchScreen.storyboard; sourceTree = "<group>"; };
		D50F9EFE1C7A525E00C5A59F /* Info.plist */ = {isa = PBXFileReference; lastKnownFileType = text.plist.xml; path = Info.plist; sourceTree = "<group>"; };
		D50F9F041C7A528600C5A59F /* ApplicationCoordinator.swift */ = {isa = PBXFileReference; fileEncoding = 4; lastKnownFileType = sourcecode.swift; path = ApplicationCoordinator.swift; sourceTree = "<group>"; };
/* End PBXFileReference section */

/* Begin PBXFrameworksBuildPhase section */
		D50F9EEC1C7A525E00C5A59F /* Frameworks */ = {
			isa = PBXFrameworksBuildPhase;
			buildActionMask = 2147483647;
			files = (
			);
			runOnlyForDeploymentPostprocessing = 0;
		};
/* End PBXFrameworksBuildPhase section */

/* Begin PBXGroup section */
		D50F9EE61C7A525E00C5A59F = {
			isa = PBXGroup;
			children = (
				D50F9EF11C7A525E00C5A59F /* ApplicationCoordinatorExample */,
				D50F9EF01C7A525E00C5A59F /* Products */,
			);
			sourceTree = "<group>";
		};
		D50F9EF01C7A525E00C5A59F /* Products */ = {
			isa = PBXGroup;
			children = (
				D50F9EEF1C7A525E00C5A59F /* ApplicationCoordinatorExample.app */,
			);
			name = Products;
			sourceTree = "<group>";
		};
		D50F9EF11C7A525E00C5A59F /* ApplicationCoordinatorExample */ = {
			isa = PBXGroup;
			children = (
				D50F9EF21C7A525E00C5A59F /* AppDelegate.swift */,
				D50F9F041C7A528600C5A59F /* ApplicationCoordinator.swift */,
				D50F9EF41C7A525E00C5A59F /* ViewController.swift */,
				D50F9EF61C7A525E00C5A59F /* Main.storyboard */,
				D50F9EF91C7A525E00C5A59F /* Assets.xcassets */,
				D50F9EFB1C7A525E00C5A59F /* LaunchScreen.storyboard */,
				D50F9EFE1C7A525E00C5A59F /* Info.plist */,
			);
			path = ApplicationCoordinatorExample;
			sourceTree = "<group>";
		};
/* End PBXGroup section */

/* Begin PBXNativeTarget section */
		D50F9EEE1C7A525E00C5A59F /* ApplicationCoordinatorExample */ = {
			isa = PBXNativeTarget;
			buildConfigurationList = D50F9F011C7A525E00C5A59F /* Build configuration list for PBXNativeTarget "ApplicationCoordinatorExample" */;
			buildPhases = (
				D50F9EEB1C7A525E00C5A59F /* Sources */,
				D50F9EEC1C7A525E00C5A59F /* Frameworks */,
				D50F9EED1C7A525E00C5A59F /* Resources */,
			);
			buildRules = (
			);
			dependencies = (
			);
			name = ApplicationCoordinatorExample;
			productName = ApplicationCoordinatorExample;
			productReference = D50F9EEF1C7A525E00C5A59F /* ApplicationCoordinatorExample.app */;
			productType = "com.apple.product-type.application";
		};
/* End PBXNativeTarget section */

/* Begin PBXProject section */
		D50F9EE71C7A525E00C5A59F /* Project object */ = {
			isa = PBXProject;
			attributes = {
				LastSwiftUpdateCheck = 0720;
				LastUpgradeCheck = 0720;
				ORGANIZATIONNAME = "Andrey Panov";
				TargetAttributes = {
					D50F9EEE1C7A525E00C5A59F = {
						CreatedOnToolsVersion = 7.2.1;
					};
				};
			};
			buildConfigurationList = D50F9EEA1C7A525E00C5A59F /* Build configuration list for PBXProject "ApplicationCoordinatorExample" */;
			compatibilityVersion = "Xcode 3.2";
			developmentRegion = English;
			hasScannedForEncodings = 0;
			knownRegions = (
				en,
				Base,
			);
			mainGroup = D50F9EE61C7A525E00C5A59F;
			productRefGroup = D50F9EF01C7A525E00C5A59F /* Products */;
			projectDirPath = "";
			projectRoot = "";
			targets = (
				D50F9EEE1C7A525E00C5A59F /* ApplicationCoordinatorExample */,
			);
		};
/* End PBXProject section */

/* Begin PBXResourcesBuildPhase section */
		D50F9EED1C7A525E00C5A59F /* Resources */ = {
			isa = PBXResourcesBuildPhase;
			buildActionMask = 2147483647;
			files = (
				D50F9EFD1C7A525E00C5A59F /* LaunchScreen.storyboard in Resources */,
				D50F9EFA1C7A525E00C5A59F /* Assets.xcassets in Resources */,
				D50F9EF81C7A525E00C5A59F /* Main.storyboard in Resources */,
			);
			runOnlyForDeploymentPostprocessing = 0;
		};
/* End PBXResourcesBuildPhase section */

/* Begin PBXSourcesBuildPhase section */
		D50F9EEB1C7A525E00C5A59F /* Sources */ = {
			isa = PBXSourcesBuildPhase;
			buildActionMask = 2147483647;
			files = (
				D50F9EF51C7A525E00C5A59F /* ViewController.swift in Sources */,
				D50F9EF31C7A525E00C5A59F /* AppDelegate.swift in Sources */,
				D50F9F051C7A528600C5A59F /* ApplicationCoordinator.swift in Sources */,
			);
			runOnlyForDeploymentPostprocessing = 0;
		};
/* End PBXSourcesBuildPhase section */

/* Begin PBXVariantGroup section */
		D50F9EF61C7A525E00C5A59F /* Main.storyboard */ = {
			isa = PBXVariantGroup;
			children = (
				D50F9EF71C7A525E00C5A59F /* Base */,
			);
			name = Main.storyboard;
			sourceTree = "<group>";
		};
		D50F9EFB1C7A525E00C5A59F /* LaunchScreen.storyboard */ = {
			isa = PBXVariantGroup;
			children = (
				D50F9EFC1C7A525E00C5A59F /* Base */,
			);
			name = LaunchScreen.storyboard;
			sourceTree = "<group>";
		};
/* End PBXVariantGroup section */

/* Begin XCBuildConfiguration section */
		D50F9EFF1C7A525E00C5A59F /* Debug */ = {
			isa = XCBuildConfiguration;
			buildSettings = {
				ALWAYS_SEARCH_USER_PATHS = NO;
				CLANG_CXX_LANGUAGE_STANDARD = "gnu++0x";
				CLANG_CXX_LIBRARY = "libc++";
				CLANG_ENABLE_MODULES = YES;
				CLANG_ENABLE_OBJC_ARC = YES;
				CLANG_WARN_BOOL_CONVERSION = YES;
				CLANG_WARN_CONSTANT_CONVERSION = YES;
				CLANG_WARN_DIRECT_OBJC_ISA_USAGE = YES_ERROR;
				CLANG_WARN_EMPTY_BODY = YES;
				CLANG_WARN_ENUM_CONVERSION = YES;
				CLANG_WARN_INT_CONVERSION = YES;
				CLANG_WARN_OBJC_ROOT_CLASS = YES_ERROR;
				CLANG_WARN_UNREACHABLE_CODE = YES;
				CLANG_WARN__DUPLICATE_METHOD_MATCH = YES;
				"CODE_SIGN_IDENTITY[sdk=iphoneos*]" = "iPhone Developer";
				COPY_PHASE_STRIP = NO;
				DEBUG_INFORMATION_FORMAT = dwarf;
				ENABLE_STRICT_OBJC_MSGSEND = YES;
				ENABLE_TESTABILITY = YES;
				GCC_C_LANGUAGE_STANDARD = gnu99;
				GCC_DYNAMIC_NO_PIC = NO;
				GCC_NO_COMMON_BLOCKS = YES;
				GCC_OPTIMIZATION_LEVEL = 0;
				GCC_PREPROCESSOR_DEFINITIONS = (
					"DEBUG=1",
					"$(inherited)",
				);
				GCC_WARN_64_TO_32_BIT_CONVERSION = YES;
				GCC_WARN_ABOUT_RETURN_TYPE = YES_ERROR;
				GCC_WARN_UNDECLARED_SELECTOR = YES;
				GCC_WARN_UNINITIALIZED_AUTOS = YES_AGGRESSIVE;
				GCC_WARN_UNUSED_FUNCTION = YES;
				GCC_WARN_UNUSED_VARIABLE = YES;
				IPHONEOS_DEPLOYMENT_TARGET = 9.2;
				MTL_ENABLE_DEBUG_INFO = YES;
				ONLY_ACTIVE_ARCH = YES;
				SDKROOT = iphoneos;
				SWIFT_OPTIMIZATION_LEVEL = "-Onone";
			};
			name = Debug;
		};
		D50F9F001C7A525E00C5A59F /* Release */ = {
			isa = XCBuildConfiguration;
			buildSettings = {
				ALWAYS_SEARCH_USER_PATHS = NO;
				CLANG_CXX_LANGUAGE_STANDARD = "gnu++0x";
				CLANG_CXX_LIBRARY = "libc++";
				CLANG_ENABLE_MODULES = YES;
				CLANG_ENABLE_OBJC_ARC = YES;
				CLANG_WARN_BOOL_CONVERSION = YES;
				CLANG_WARN_CONSTANT_CONVERSION = YES;
				CLANG_WARN_DIRECT_OBJC_ISA_USAGE = YES_ERROR;
				CLANG_WARN_EMPTY_BODY = YES;
				CLANG_WARN_ENUM_CONVERSION = YES;
				CLANG_WARN_INT_CONVERSION = YES;
				CLANG_WARN_OBJC_ROOT_CLASS = YES_ERROR;
				CLANG_WARN_UNREACHABLE_CODE = YES;
				CLANG_WARN__DUPLICATE_METHOD_MATCH = YES;
				"CODE_SIGN_IDENTITY[sdk=iphoneos*]" = "iPhone Developer";
				COPY_PHASE_STRIP = NO;
				DEBUG_INFORMATION_FORMAT = "dwarf-with-dsym";
				ENABLE_NS_ASSERTIONS = NO;
				ENABLE_STRICT_OBJC_MSGSEND = YES;
				GCC_C_LANGUAGE_STANDARD = gnu99;
				GCC_NO_COMMON_BLOCKS = YES;
				GCC_WARN_64_TO_32_BIT_CONVERSION = YES;
				GCC_WARN_ABOUT_RETURN_TYPE = YES_ERROR;
				GCC_WARN_UNDECLARED_SELECTOR = YES;
				GCC_WARN_UNINITIALIZED_AUTOS = YES_AGGRESSIVE;
				GCC_WARN_UNUSED_FUNCTION = YES;
				GCC_WARN_UNUSED_VARIABLE = YES;
				IPHONEOS_DEPLOYMENT_TARGET = 9.2;
				MTL_ENABLE_DEBUG_INFO = NO;
				SDKROOT = iphoneos;
				VALIDATE_PRODUCT = YES;
			};
			name = Release;
		};
		D50F9F021C7A525E00C5A59F /* Debug */ = {
			isa = XCBuildConfiguration;
			buildSettings = {
				ASSETCATALOG_COMPILER_APPICON_NAME = AppIcon;
				INFOPLIST_FILE = ApplicationCoordinatorExample/Info.plist;
				LD_RUNPATH_SEARCH_PATHS = "$(inherited) @executable_path/Frameworks";
				PRODUCT_BUNDLE_IDENTIFIER = com.panovdev.ApplicationCoordinatorExample;
				PRODUCT_NAME = "$(TARGET_NAME)";
			};
			name = Debug;
		};
		D50F9F031C7A525E00C5A59F /* Release */ = {
			isa = XCBuildConfiguration;
			buildSettings = {
				ASSETCATALOG_COMPILER_APPICON_NAME = AppIcon;
				INFOPLIST_FILE = ApplicationCoordinatorExample/Info.plist;
				LD_RUNPATH_SEARCH_PATHS = "$(inherited) @executable_path/Frameworks";
				PRODUCT_BUNDLE_IDENTIFIER = com.panovdev.ApplicationCoordinatorExample;
				PRODUCT_NAME = "$(TARGET_NAME)";
			};
			name = Release;
		};
/* End XCBuildConfiguration section */

/* Begin XCConfigurationList section */
		D50F9EEA1C7A525E00C5A59F /* Build configuration list for PBXProject "ApplicationCoordinatorExample" */ = {
			isa = XCConfigurationList;
			buildConfigurations = (
				D50F9EFF1C7A525E00C5A59F /* Debug */,
				D50F9F001C7A525E00C5A59F /* Release */,
			);
			defaultConfigurationIsVisible = 0;
			defaultConfigurationName = Release;
		};
		D50F9F011C7A525E00C5A59F /* Build configuration list for PBXNativeTarget "ApplicationCoordinatorExample" */ = {
			isa = XCConfigurationList;
			buildConfigurations = (
				D50F9F021C7A525E00C5A59F /* Debug */,
				D50F9F031C7A525E00C5A59F /* Release */,
			);
			defaultConfigurationIsVisible = 0;
		};
/* End XCConfigurationList section */
	};
	rootObject = D50F9EE71C7A525E00C5A59F /* Project object */;
}
